// !$*UTF8*$!
{
	archiveVersion = 1;
	classes = {
	};
	objectVersion = 55;
	objects = {

/* Begin PBXBuildFile section */
		5EF26D2D2817040E00EF6974 /* AppDelegate.swift in Sources */ = {isa = PBXBuildFile; fileRef = 5EF26D2C2817040E00EF6974 /* AppDelegate.swift */; };
		5EF26D2F2817040E00EF6974 /* SceneDelegate.swift in Sources */ = {isa = PBXBuildFile; fileRef = 5EF26D2E2817040E00EF6974 /* SceneDelegate.swift */; };
		5EF26D312817040E00EF6974 /* MealListViewController.swift in Sources */ = {isa = PBXBuildFile; fileRef = 5EF26D302817040E00EF6974 /* MealListViewController.swift */; };
		5EF26D342817040E00EF6974 /* Main.storyboard in Resources */ = {isa = PBXBuildFile; fileRef = 5EF26D322817040E00EF6974 /* Main.storyboard */; };
		5EF26D362817040E00EF6974 /* Assets.xcassets in Resources */ = {isa = PBXBuildFile; fileRef = 5EF26D352817040E00EF6974 /* Assets.xcassets */; };
		5EF26D392817040E00EF6974 /* LaunchScreen.storyboard in Resources */ = {isa = PBXBuildFile; fileRef = 5EF26D372817040E00EF6974 /* LaunchScreen.storyboard */; };
		5EF26D442817040F00EF6974 /* themealdbTests.swift in Sources */ = {isa = PBXBuildFile; fileRef = 5EF26D432817040F00EF6974 /* themealdbTests.swift */; };
		5EF26D4E2817040F00EF6974 /* themealdbUITests.swift in Sources */ = {isa = PBXBuildFile; fileRef = 5EF26D4D2817040F00EF6974 /* themealdbUITests.swift */; };
		5EF26D502817040F00EF6974 /* themealdbUITestsLaunchTests.swift in Sources */ = {isa = PBXBuildFile; fileRef = 5EF26D4F2817040F00EF6974 /* themealdbUITestsLaunchTests.swift */; };
		5EF26D5D2817081200EF6974 /* NetworkManager.swift in Sources */ = {isa = PBXBuildFile; fileRef = 5EF26D5C2817081200EF6974 /* NetworkManager.swift */; };
		5EF26D5E2817081200EF6974 /* NetworkManager.swift in Sources */ = {isa = PBXBuildFile; fileRef = 5EF26D5C2817081200EF6974 /* NetworkManager.swift */; };
		5EF26D602817090F00EF6974 /* Meal.swift in Sources */ = {isa = PBXBuildFile; fileRef = 5EF26D5F2817090F00EF6974 /* Meal.swift */; };
		5EF26D612817090F00EF6974 /* Meal.swift in Sources */ = {isa = PBXBuildFile; fileRef = 5EF26D5F2817090F00EF6974 /* Meal.swift */; };
		5EF26D63281709D500EF6974 /* MealList.swift in Sources */ = {isa = PBXBuildFile; fileRef = 5EF26D62281709D500EF6974 /* MealList.swift */; };
		5EF26D64281709D500EF6974 /* MealList.swift in Sources */ = {isa = PBXBuildFile; fileRef = 5EF26D62281709D500EF6974 /* MealList.swift */; };
/* End PBXBuildFile section */

/* Begin PBXContainerItemProxy section */
		5EF26D402817040F00EF6974 /* PBXContainerItemProxy */ = {
			isa = PBXContainerItemProxy;
			containerPortal = 5EF26D212817040E00EF6974 /* Project object */;
			proxyType = 1;
			remoteGlobalIDString = 5EF26D282817040E00EF6974;
			remoteInfo = themealdb;
		};
		5EF26D4A2817040F00EF6974 /* PBXContainerItemProxy */ = {
			isa = PBXContainerItemProxy;
			containerPortal = 5EF26D212817040E00EF6974 /* Project object */;
			proxyType = 1;
			remoteGlobalIDString = 5EF26D282817040E00EF6974;
			remoteInfo = themealdb;
		};
/* End PBXContainerItemProxy section */

/* Begin PBXFileReference section */
		5EF26D292817040E00EF6974 /* themealdb.app */ = {isa = PBXFileReference; explicitFileType = wrapper.application; includeInIndex = 0; path = themealdb.app; sourceTree = BUILT_PRODUCTS_DIR; };
		5EF26D2C2817040E00EF6974 /* AppDelegate.swift */ = {isa = PBXFileReference; lastKnownFileType = sourcecode.swift; path = AppDelegate.swift; sourceTree = "<group>"; };
		5EF26D2E2817040E00EF6974 /* SceneDelegate.swift */ = {isa = PBXFileReference; lastKnownFileType = sourcecode.swift; path = SceneDelegate.swift; sourceTree = "<group>"; };
		5EF26D302817040E00EF6974 /* MealListViewController.swift */ = {isa = PBXFileReference; lastKnownFileType = sourcecode.swift; path = MealListViewController.swift; sourceTree = "<group>"; };
		5EF26D332817040E00EF6974 /* Base */ = {isa = PBXFileReference; lastKnownFileType = file.storyboard; name = Base; path = Base.lproj/Main.storyboard; sourceTree = "<group>"; };
		5EF26D352817040E00EF6974 /* Assets.xcassets */ = {isa = PBXFileReference; lastKnownFileType = folder.assetcatalog; path = Assets.xcassets; sourceTree = "<group>"; };
		5EF26D382817040E00EF6974 /* Base */ = {isa = PBXFileReference; lastKnownFileType = file.storyboard; name = Base; path = Base.lproj/LaunchScreen.storyboard; sourceTree = "<group>"; };
		5EF26D3A2817040E00EF6974 /* Info.plist */ = {isa = PBXFileReference; lastKnownFileType = text.plist.xml; path = Info.plist; sourceTree = "<group>"; };
		5EF26D3F2817040F00EF6974 /* themealdbTests.xctest */ = {isa = PBXFileReference; explicitFileType = wrapper.cfbundle; includeInIndex = 0; path = themealdbTests.xctest; sourceTree = BUILT_PRODUCTS_DIR; };
		5EF26D432817040F00EF6974 /* themealdbTests.swift */ = {isa = PBXFileReference; lastKnownFileType = sourcecode.swift; path = themealdbTests.swift; sourceTree = "<group>"; };
		5EF26D492817040F00EF6974 /* themealdbUITests.xctest */ = {isa = PBXFileReference; explicitFileType = wrapper.cfbundle; includeInIndex = 0; path = themealdbUITests.xctest; sourceTree = BUILT_PRODUCTS_DIR; };
		5EF26D4D2817040F00EF6974 /* themealdbUITests.swift */ = {isa = PBXFileReference; lastKnownFileType = sourcecode.swift; path = themealdbUITests.swift; sourceTree = "<group>"; };
		5EF26D4F2817040F00EF6974 /* themealdbUITestsLaunchTests.swift */ = {isa = PBXFileReference; lastKnownFileType = sourcecode.swift; path = themealdbUITestsLaunchTests.swift; sourceTree = "<group>"; };
		5EF26D5C2817081200EF6974 /* NetworkManager.swift */ = {isa = PBXFileReference; lastKnownFileType = sourcecode.swift; path = NetworkManager.swift; sourceTree = "<group>"; };
		5EF26D5F2817090F00EF6974 /* Meal.swift */ = {isa = PBXFileReference; lastKnownFileType = sourcecode.swift; path = Meal.swift; sourceTree = "<group>"; };
		5EF26D62281709D500EF6974 /* MealList.swift */ = {isa = PBXFileReference; lastKnownFileType = sourcecode.swift; path = MealList.swift; sourceTree = "<group>"; };
/* End PBXFileReference section */

/* Begin PBXFrameworksBuildPhase section */
		5EF26D262817040E00EF6974 /* Frameworks */ = {
			isa = PBXFrameworksBuildPhase;
			buildActionMask = 2147483647;
			files = (
			);
			runOnlyForDeploymentPostprocessing = 0;
		};
		5EF26D3C2817040F00EF6974 /* Frameworks */ = {
			isa = PBXFrameworksBuildPhase;
			buildActionMask = 2147483647;
			files = (
			);
			runOnlyForDeploymentPostprocessing = 0;
		};
		5EF26D462817040F00EF6974 /* Frameworks */ = {
			isa = PBXFrameworksBuildPhase;
			buildActionMask = 2147483647;
			files = (
			);
			runOnlyForDeploymentPostprocessing = 0;
		};
/* End PBXFrameworksBuildPhase section */

/* Begin PBXGroup section */
		5EF26D202817040E00EF6974 = {
			isa = PBXGroup;
			children = (
				5EF26D2B2817040E00EF6974 /* themealdb */,
				5EF26D422817040F00EF6974 /* themealdbTests */,
				5EF26D4C2817040F00EF6974 /* themealdbUITests */,
				5EF26D2A2817040E00EF6974 /* Products */,
			);
			sourceTree = "<group>";
		};
		5EF26D2A2817040E00EF6974 /* Products */ = {
			isa = PBXGroup;
			children = (
				5EF26D292817040E00EF6974 /* themealdb.app */,
				5EF26D3F2817040F00EF6974 /* themealdbTests.xctest */,
				5EF26D492817040F00EF6974 /* themealdbUITests.xctest */,
			);
			name = Products;
			sourceTree = "<group>";
		};
		5EF26D2B2817040E00EF6974 /* themealdb */ = {
			isa = PBXGroup;
			children = (
				5EF26D2C2817040E00EF6974 /* AppDelegate.swift */,
				5EF26D2E2817040E00EF6974 /* SceneDelegate.swift */,
				5EF26D5C2817081200EF6974 /* NetworkManager.swift */,
				5EF26D6628170B5400EF6974 /* Controller */,
				5EF26D6528170B3E00EF6974 /* Model */,
				5EF26D322817040E00EF6974 /* Main.storyboard */,
				5EF26D352817040E00EF6974 /* Assets.xcassets */,
				5EF26D372817040E00EF6974 /* LaunchScreen.storyboard */,
				5EF26D3A2817040E00EF6974 /* Info.plist */,
			);
			path = themealdb;
			sourceTree = "<group>";
		};
		5EF26D422817040F00EF6974 /* themealdbTests */ = {
			isa = PBXGroup;
			children = (
				5EF26D432817040F00EF6974 /* themealdbTests.swift */,
			);
			path = themealdbTests;
			sourceTree = "<group>";
		};
		5EF26D4C2817040F00EF6974 /* themealdbUITests */ = {
			isa = PBXGroup;
			children = (
				5EF26D4D2817040F00EF6974 /* themealdbUITests.swift */,
				5EF26D4F2817040F00EF6974 /* themealdbUITestsLaunchTests.swift */,
			);
			path = themealdbUITests;
			sourceTree = "<group>";
		};
		5EF26D6528170B3E00EF6974 /* Model */ = {
			isa = PBXGroup;
			children = (
				5EF26D62281709D500EF6974 /* MealList.swift */,
				5EF26D5F2817090F00EF6974 /* Meal.swift */,
			);
			path = Model;
			sourceTree = "<group>";
		};
		5EF26D6628170B5400EF6974 /* Controller */ = {
			isa = PBXGroup;
			children = (
				5EF26D302817040E00EF6974 /* MealListViewController.swift */,
			);
			path = Controller;
			sourceTree = "<group>";
		};
/* End PBXGroup section */

/* Begin PBXNativeTarget section */
		5EF26D282817040E00EF6974 /* themealdb */ = {
			isa = PBXNativeTarget;
			buildConfigurationList = 5EF26D532817040F00EF6974 /* Build configuration list for PBXNativeTarget "themealdb" */;
			buildPhases = (
				5EF26D252817040E00EF6974 /* Sources */,
				5EF26D262817040E00EF6974 /* Frameworks */,
				5EF26D272817040E00EF6974 /* Resources */,
			);
			buildRules = (
			);
			dependencies = (
			);
			name = themealdb;
			productName = themealdb;
			productReference = 5EF26D292817040E00EF6974 /* themealdb.app */;
			productType = "com.apple.product-type.application";
		};
		5EF26D3E2817040F00EF6974 /* themealdbTests */ = {
			isa = PBXNativeTarget;
			buildConfigurationList = 5EF26D562817040F00EF6974 /* Build configuration list for PBXNativeTarget "themealdbTests" */;
			buildPhases = (
				5EF26D3B2817040F00EF6974 /* Sources */,
				5EF26D3C2817040F00EF6974 /* Frameworks */,
				5EF26D3D2817040F00EF6974 /* Resources */,
			);
			buildRules = (
			);
			dependencies = (
				5EF26D412817040F00EF6974 /* PBXTargetDependency */,
			);
			name = themealdbTests;
			productName = themealdbTests;
			productReference = 5EF26D3F2817040F00EF6974 /* themealdbTests.xctest */;
			productType = "com.apple.product-type.bundle.unit-test";
		};
		5EF26D482817040F00EF6974 /* themealdbUITests */ = {
			isa = PBXNativeTarget;
			buildConfigurationList = 5EF26D592817040F00EF6974 /* Build configuration list for PBXNativeTarget "themealdbUITests" */;
			buildPhases = (
				5EF26D452817040F00EF6974 /* Sources */,
				5EF26D462817040F00EF6974 /* Frameworks */,
				5EF26D472817040F00EF6974 /* Resources */,
			);
			buildRules = (
			);
			dependencies = (
				5EF26D4B2817040F00EF6974 /* PBXTargetDependency */,
			);
			name = themealdbUITests;
			productName = themealdbUITests;
			productReference = 5EF26D492817040F00EF6974 /* themealdbUITests.xctest */;
			productType = "com.apple.product-type.bundle.ui-testing";
		};
/* End PBXNativeTarget section */

/* Begin PBXProject section */
		5EF26D212817040E00EF6974 /* Project object */ = {
			isa = PBXProject;
			attributes = {
				BuildIndependentTargetsInParallel = 1;
				LastSwiftUpdateCheck = 1330;
				LastUpgradeCheck = 1330;
				TargetAttributes = {
					5EF26D282817040E00EF6974 = {
						CreatedOnToolsVersion = 13.3;
					};
					5EF26D3E2817040F00EF6974 = {
						CreatedOnToolsVersion = 13.3;
						TestTargetID = 5EF26D282817040E00EF6974;
					};
					5EF26D482817040F00EF6974 = {
						CreatedOnToolsVersion = 13.3;
						TestTargetID = 5EF26D282817040E00EF6974;
					};
				};
			};
			buildConfigurationList = 5EF26D242817040E00EF6974 /* Build configuration list for PBXProject "themealdb" */;
			compatibilityVersion = "Xcode 13.0";
			developmentRegion = en;
			hasScannedForEncodings = 0;
			knownRegions = (
				en,
				Base,
			);
			mainGroup = 5EF26D202817040E00EF6974;
			productRefGroup = 5EF26D2A2817040E00EF6974 /* Products */;
			projectDirPath = "";
			projectRoot = "";
			targets = (
				5EF26D282817040E00EF6974 /* themealdb */,
				5EF26D3E2817040F00EF6974 /* themealdbTests */,
				5EF26D482817040F00EF6974 /* themealdbUITests */,
			);
		};
/* End PBXProject section */

/* Begin PBXResourcesBuildPhase section */
		5EF26D272817040E00EF6974 /* Resources */ = {
			isa = PBXResourcesBuildPhase;
			buildActionMask = 2147483647;
			files = (
				5EF26D392817040E00EF6974 /* LaunchScreen.storyboard in Resources */,
				5EF26D362817040E00EF6974 /* Assets.xcassets in Resources */,
				5EF26D342817040E00EF6974 /* Main.storyboard in Resources */,
			);
			runOnlyForDeploymentPostprocessing = 0;
		};
		5EF26D3D2817040F00EF6974 /* Resources */ = {
			isa = PBXResourcesBuildPhase;
			buildActionMask = 2147483647;
			files = (
			);
			runOnlyForDeploymentPostprocessing = 0;
		};
		5EF26D472817040F00EF6974 /* Resources */ = {
			isa = PBXResourcesBuildPhase;
			buildActionMask = 2147483647;
			files = (
			);
			runOnlyForDeploymentPostprocessing = 0;
		};
/* End PBXResourcesBuildPhase section */

/* Begin PBXSourcesBuildPhase section */
		5EF26D252817040E00EF6974 /* Sources */ = {
			isa = PBXSourcesBuildPhase;
			buildActionMask = 2147483647;
			files = (
				5EF26D602817090F00EF6974 /* Meal.swift in Sources */,
				5EF26D5D2817081200EF6974 /* NetworkManager.swift in Sources */,
				5EF26D312817040E00EF6974 /* MealListViewController.swift in Sources */,
				5EF26D2D2817040E00EF6974 /* AppDelegate.swift in Sources */,
				5EF26D2F2817040E00EF6974 /* SceneDelegate.swift in Sources */,
				5EF26D63281709D500EF6974 /* MealList.swift in Sources */,
			);
			runOnlyForDeploymentPostprocessing = 0;
		};
		5EF26D3B2817040F00EF6974 /* Sources */ = {
			isa = PBXSourcesBuildPhase;
			buildActionMask = 2147483647;
			files = (
				5EF26D5E2817081200EF6974 /* NetworkManager.swift in Sources */,
				5EF26D612817090F00EF6974 /* Meal.swift in Sources */,
				5EF26D442817040F00EF6974 /* themealdbTests.swift in Sources */,
				5EF26D64281709D500EF6974 /* MealList.swift in Sources */,
			);
			runOnlyForDeploymentPostprocessing = 0;
		};
		5EF26D452817040F00EF6974 /* Sources */ = {
			isa = PBXSourcesBuildPhase;
			buildActionMask = 2147483647;
			files = (
				5EF26D4E2817040F00EF6974 /* themealdbUITests.swift in Sources */,
				5EF26D502817040F00EF6974 /* themealdbUITestsLaunchTests.swift in Sources */,
			);
			runOnlyForDeploymentPostprocessing = 0;
		};
/* End PBXSourcesBuildPhase section */

/* Begin PBXTargetDependency section */
		5EF26D412817040F00EF6974 /* PBXTargetDependency */ = {
			isa = PBXTargetDependency;
			target = 5EF26D282817040E00EF6974 /* themealdb */;
			targetProxy = 5EF26D402817040F00EF6974 /* PBXContainerItemProxy */;
		};
		5EF26D4B2817040F00EF6974 /* PBXTargetDependency */ = {
			isa = PBXTargetDependency;
			target = 5EF26D282817040E00EF6974 /* themealdb */;
			targetProxy = 5EF26D4A2817040F00EF6974 /* PBXContainerItemProxy */;
		};
/* End PBXTargetDependency section */

/* Begin PBXVariantGroup section */
		5EF26D322817040E00EF6974 /* Main.storyboard */ = {
			isa = PBXVariantGroup;
			children = (
				5EF26D332817040E00EF6974 /* Base */,
			);
			name = Main.storyboard;
			sourceTree = "<group>";
		};
		5EF26D372817040E00EF6974 /* LaunchScreen.storyboard */ = {
			isa = PBXVariantGroup;
			children = (
				5EF26D382817040E00EF6974 /* Base */,
			);
			name = LaunchScreen.storyboard;
			sourceTree = "<group>";
		};
/* End PBXVariantGroup section */

/* Begin XCBuildConfiguration section */
		5EF26D512817040F00EF6974 /* Debug */ = {
			isa = XCBuildConfiguration;
			buildSettings = {
				ALWAYS_SEARCH_USER_PATHS = NO;
				CLANG_ANALYZER_NONNULL = YES;
				CLANG_ANALYZER_NUMBER_OBJECT_CONVERSION = YES_AGGRESSIVE;
				CLANG_CXX_LANGUAGE_STANDARD = "gnu++17";
				CLANG_ENABLE_MODULES = YES;
				CLANG_ENABLE_OBJC_ARC = YES;
				CLANG_ENABLE_OBJC_WEAK = YES;
				CLANG_WARN_BLOCK_CAPTURE_AUTORELEASING = YES;
				CLANG_WARN_BOOL_CONVERSION = YES;
				CLANG_WARN_COMMA = YES;
				CLANG_WARN_CONSTANT_CONVERSION = YES;
				CLANG_WARN_DEPRECATED_OBJC_IMPLEMENTATIONS = YES;
				CLANG_WARN_DIRECT_OBJC_ISA_USAGE = YES_ERROR;
				CLANG_WARN_DOCUMENTATION_COMMENTS = YES;
				CLANG_WARN_EMPTY_BODY = YES;
				CLANG_WARN_ENUM_CONVERSION = YES;
				CLANG_WARN_INFINITE_RECURSION = YES;
				CLANG_WARN_INT_CONVERSION = YES;
				CLANG_WARN_NON_LITERAL_NULL_CONVERSION = YES;
				CLANG_WARN_OBJC_IMPLICIT_RETAIN_SELF = YES;
				CLANG_WARN_OBJC_LITERAL_CONVERSION = YES;
				CLANG_WARN_OBJC_ROOT_CLASS = YES_ERROR;
				CLANG_WARN_QUOTED_INCLUDE_IN_FRAMEWORK_HEADER = YES;
				CLANG_WARN_RANGE_LOOP_ANALYSIS = YES;
				CLANG_WARN_STRICT_PROTOTYPES = YES;
				CLANG_WARN_SUSPICIOUS_MOVE = YES;
				CLANG_WARN_UNGUARDED_AVAILABILITY = YES_AGGRESSIVE;
				CLANG_WARN_UNREACHABLE_CODE = YES;
				CLANG_WARN__DUPLICATE_METHOD_MATCH = YES;
				COPY_PHASE_STRIP = NO;
				DEBUG_INFORMATION_FORMAT = dwarf;
				ENABLE_STRICT_OBJC_MSGSEND = YES;
				ENABLE_TESTABILITY = YES;
				GCC_C_LANGUAGE_STANDARD = gnu11;
				GCC_DYNAMIC_NO_PIC = NO;
				GCC_NO_COMMON_BLOCKS = YES;
				GCC_OPTIMIZATION_LEVEL = 0;
				GCC_PREPROCESSOR_DEFINITIONS = (
					"DEBUG=1",
					"$(inherited)",
				);
				GCC_WARN_64_TO_32_BIT_CONVERSION = YES;
				GCC_WARN_ABOUT_RETURN_TYPE = YES_ERROR;
				GCC_WARN_UNDECLARED_SELECTOR = YES;
				GCC_WARN_UNINITIALIZED_AUTOS = YES_AGGRESSIVE;
				GCC_WARN_UNUSED_FUNCTION = YES;
				GCC_WARN_UNUSED_VARIABLE = YES;
				IPHONEOS_DEPLOYMENT_TARGET = 15.4;
				MTL_ENABLE_DEBUG_INFO = INCLUDE_SOURCE;
				MTL_FAST_MATH = YES;
				ONLY_ACTIVE_ARCH = YES;
				SDKROOT = iphoneos;
				SWIFT_ACTIVE_COMPILATION_CONDITIONS = DEBUG;
				SWIFT_OPTIMIZATION_LEVEL = "-Onone";
			};
			name = Debug;
		};
		5EF26D522817040F00EF6974 /* Release */ = {
			isa = XCBuildConfiguration;
			buildSettings = {
				ALWAYS_SEARCH_USER_PATHS = NO;
				CLANG_ANALYZER_NONNULL = YES;
				CLANG_ANALYZER_NUMBER_OBJECT_CONVERSION = YES_AGGRESSIVE;
				CLANG_CXX_LANGUAGE_STANDARD = "gnu++17";
				CLANG_ENABLE_MODULES = YES;
				CLANG_ENABLE_OBJC_ARC = YES;
				CLANG_ENABLE_OBJC_WEAK = YES;
				CLANG_WARN_BLOCK_CAPTURE_AUTORELEASING = YES;
				CLANG_WARN_BOOL_CONVERSION = YES;
				CLANG_WARN_COMMA = YES;
				CLANG_WARN_CONSTANT_CONVERSION = YES;
				CLANG_WARN_DEPRECATED_OBJC_IMPLEMENTATIONS = YES;
				CLANG_WARN_DIRECT_OBJC_ISA_USAGE = YES_ERROR;
				CLANG_WARN_DOCUMENTATION_COMMENTS = YES;
				CLANG_WARN_EMPTY_BODY = YES;
				CLANG_WARN_ENUM_CONVERSION = YES;
				CLANG_WARN_INFINITE_RECURSION = YES;
				CLANG_WARN_INT_CONVERSION = YES;
				CLANG_WARN_NON_LITERAL_NULL_CONVERSION = YES;
				CLANG_WARN_OBJC_IMPLICIT_RETAIN_SELF = YES;
				CLANG_WARN_OBJC_LITERAL_CONVERSION = YES;
				CLANG_WARN_OBJC_ROOT_CLASS = YES_ERROR;
				CLANG_WARN_QUOTED_INCLUDE_IN_FRAMEWORK_HEADER = YES;
				CLANG_WARN_RANGE_LOOP_ANALYSIS = YES;
				CLANG_WARN_STRICT_PROTOTYPES = YES;
				CLANG_WARN_SUSPICIOUS_MOVE = YES;
				CLANG_WARN_UNGUARDED_AVAILABILITY = YES_AGGRESSIVE;
				CLANG_WARN_UNREACHABLE_CODE = YES;
				CLANG_WARN__DUPLICATE_METHOD_MATCH = YES;
				COPY_PHASE_STRIP = NO;
				DEBUG_INFORMATION_FORMAT = "dwarf-with-dsym";
				ENABLE_NS_ASSERTIONS = NO;
				ENABLE_STRICT_OBJC_MSGSEND = YES;
				GCC_C_LANGUAGE_STANDARD = gnu11;
				GCC_NO_COMMON_BLOCKS = YES;
				GCC_WARN_64_TO_32_BIT_CONVERSION = YES;
				GCC_WARN_ABOUT_RETURN_TYPE = YES_ERROR;
				GCC_WARN_UNDECLARED_SELECTOR = YES;
				GCC_WARN_UNINITIALIZED_AUTOS = YES_AGGRESSIVE;
				GCC_WARN_UNUSED_FUNCTION = YES;
				GCC_WARN_UNUSED_VARIABLE = YES;
				IPHONEOS_DEPLOYMENT_TARGET = 15.4;
				MTL_ENABLE_DEBUG_INFO = NO;
				MTL_FAST_MATH = YES;
				SDKROOT = iphoneos;
				SWIFT_COMPILATION_MODE = wholemodule;
				SWIFT_OPTIMIZATION_LEVEL = "-O";
				VALIDATE_PRODUCT = YES;
			};
			name = Release;
		};
		5EF26D542817040F00EF6974 /* Debug */ = {
			isa = XCBuildConfiguration;
			buildSettings = {
				ASSETCATALOG_COMPILER_APPICON_NAME = AppIcon;
				ASSETCATALOG_COMPILER_GLOBAL_ACCENT_COLOR_NAME = AccentColor;
				CODE_SIGN_STYLE = Automatic;
				CURRENT_PROJECT_VERSION = 1;
				DEVELOPMENT_TEAM = 86Z976V88Y;
				GENERATE_INFOPLIST_FILE = YES;
				INFOPLIST_FILE = themealdb/Info.plist;
				INFOPLIST_KEY_UIApplicationSupportsIndirectInputEvents = YES;
				INFOPLIST_KEY_UILaunchStoryboardName = LaunchScreen;
				INFOPLIST_KEY_UIMainStoryboardFile = Main;
				INFOPLIST_KEY_UISupportedInterfaceOrientations_iPad = "UIInterfaceOrientationPortrait UIInterfaceOrientationPortraitUpsideDown UIInterfaceOrientationLandscapeLeft UIInterfaceOrientationLandscapeRight";
				INFOPLIST_KEY_UISupportedInterfaceOrientations_iPhone = "UIInterfaceOrientationPortrait UIInterfaceOrientationLandscapeLeft UIInterfaceOrientationLandscapeRight";
				LD_RUNPATH_SEARCH_PATHS = (
					"$(inherited)",
					"@executable_path/Frameworks",
				);
				MARKETING_VERSION = 1.0;
				PRODUCT_BUNDLE_IDENTIFIER = com.touchopia.themealdb;
				PRODUCT_NAME = "$(TARGET_NAME)";
				SWIFT_EMIT_LOC_STRINGS = YES;
				SWIFT_VERSION = 5.0;
				TARGETED_DEVICE_FAMILY = "1,2";
			};
			name = Debug;
		};
		5EF26D552817040F00EF6974 /* Release */ = {
			isa = XCBuildConfiguration;
			buildSettings = {
				ASSETCATALOG_COMPILER_APPICON_NAME = AppIcon;
				ASSETCATALOG_COMPILER_GLOBAL_ACCENT_COLOR_NAME = AccentColor;
				CODE_SIGN_STYLE = Automatic;
				CURRENT_PROJECT_VERSION = 1;
				DEVELOPMENT_TEAM = 86Z976V88Y;
				GENERATE_INFOPLIST_FILE = YES;
				INFOPLIST_FILE = themealdb/Info.plist;
				INFOPLIST_KEY_UIApplicationSupportsIndirectInputEvents = YES;
				INFOPLIST_KEY_UILaunchStoryboardName = LaunchScreen;
				INFOPLIST_KEY_UIMainStoryboardFile = Main;
				INFOPLIST_KEY_UISupportedInterfaceOrientations_iPad = "UIInterfaceOrientationPortrait UIInterfaceOrientationPortraitUpsideDown UIInterfaceOrientationLandscapeLeft UIInterfaceOrientationLandscapeRight";
				INFOPLIST_KEY_UISupportedInterfaceOrientations_iPhone = "UIInterfaceOrientationPortrait UIInterfaceOrientationLandscapeLeft UIInterfaceOrientationLandscapeRight";
				LD_RUNPATH_SEARCH_PATHS = (
					"$(inherited)",
					"@executable_path/Frameworks",
				);
				MARKETING_VERSION = 1.0;
				PRODUCT_BUNDLE_IDENTIFIER = com.touchopia.themealdb;
				PRODUCT_NAME = "$(TARGET_NAME)";
				SWIFT_EMIT_LOC_STRINGS = YES;
				SWIFT_VERSION = 5.0;
				TARGETED_DEVICE_FAMILY = "1,2";
			};
			name = Release;
		};
		5EF26D572817040F00EF6974 /* Debug */ = {
			isa = XCBuildConfiguration;
			buildSettings = {
				ALWAYS_EMBED_SWIFT_STANDARD_LIBRARIES = YES;
				BUNDLE_LOADER = "$(TEST_HOST)";
				CODE_SIGN_STYLE = Automatic;
				CURRENT_PROJECT_VERSION = 1;
				DEVELOPMENT_TEAM = 86Z976V88Y;
				GENERATE_INFOPLIST_FILE = YES;
				IPHONEOS_DEPLOYMENT_TARGET = 15.4;
				MARKETING_VERSION = 1.0;
				PRODUCT_BUNDLE_IDENTIFIER = com.touchopia.themealdbTests;
				PRODUCT_NAME = "$(TARGET_NAME)";
				SWIFT_EMIT_LOC_STRINGS = NO;
				SWIFT_VERSION = 5.0;
				TARGETED_DEVICE_FAMILY = "1,2";
				TEST_HOST = "$(BUILT_PRODUCTS_DIR)/themealdb.app/themealdb";
			};
			name = Debug;
		};
		5EF26D582817040F00EF6974 /* Release */ = {
			isa = XCBuildConfiguration;
			buildSettings = {
				ALWAYS_EMBED_SWIFT_STANDARD_LIBRARIES = YES;
				BUNDLE_LOADER = "$(TEST_HOST)";
				CODE_SIGN_STYLE = Automatic;
				CURRENT_PROJECT_VERSION = 1;
				DEVELOPMENT_TEAM = 86Z976V88Y;
				GENERATE_INFOPLIST_FILE = YES;
				IPHONEOS_DEPLOYMENT_TARGET = 15.4;
				MARKETING_VERSION = 1.0;
				PRODUCT_BUNDLE_IDENTIFIER = com.touchopia.themealdbTests;
				PRODUCT_NAME = "$(TARGET_NAME)";
				SWIFT_EMIT_LOC_STRINGS = NO;
				SWIFT_VERSION = 5.0;
				TARGETED_DEVICE_FAMILY = "1,2";
				TEST_HOST = "$(BUILT_PRODUCTS_DIR)/themealdb.app/themealdb";
			};
			name = Release;
		};
		5EF26D5A2817040F00EF6974 /* Debug */ = {
			isa = XCBuildConfiguration;
			buildSettings = {
				ALWAYS_EMBED_SWIFT_STANDARD_LIBRARIES = YES;
				CODE_SIGN_STYLE = Automatic;
				CURRENT_PROJECT_VERSION = 1;
				DEVELOPMENT_TEAM = 86Z976V88Y;
				GENERATE_INFOPLIST_FILE = YES;
				MARKETING_VERSION = 1.0;
				PRODUCT_BUNDLE_IDENTIFIER = com.touchopia.themealdbUITests;
				PRODUCT_NAME = "$(TARGET_NAME)";
				SWIFT_EMIT_LOC_STRINGS = NO;
				SWIFT_VERSION = 5.0;
				TARGETED_DEVICE_FAMILY = "1,2";
				TEST_TARGET_NAME = themealdb;
			};
			name = Debug;
		};
		5EF26D5B2817040F00EF6974 /* Release */ = {
			isa = XCBuildConfiguration;
			buildSettings = {
				ALWAYS_EMBED_SWIFT_STANDARD_LIBRARIES = YES;
				CODE_SIGN_STYLE = Automatic;
				CURRENT_PROJECT_VERSION = 1;
				DEVELOPMENT_TEAM = 86Z976V88Y;
				GENERATE_INFOPLIST_FILE = YES;
				MARKETING_VERSION = 1.0;
				PRODUCT_BUNDLE_IDENTIFIER = com.touchopia.themealdbUITests;
				PRODUCT_NAME = "$(TARGET_NAME)";
				SWIFT_EMIT_LOC_STRINGS = NO;
				SWIFT_VERSION = 5.0;
				TARGETED_DEVICE_FAMILY = "1,2";
				TEST_TARGET_NAME = themealdb;
			};
			name = Release;
		};
/* End XCBuildConfiguration section */

/* Begin XCConfigurationList section */
		5EF26D242817040E00EF6974 /* Build configuration list for PBXProject "themealdb" */ = {
			isa = XCConfigurationList;
			buildConfigurations = (
				5EF26D512817040F00EF6974 /* Debug */,
				5EF26D522817040F00EF6974 /* Release */,
			);
			defaultConfigurationIsVisible = 0;
			defaultConfigurationName = Release;
		};
		5EF26D532817040F00EF6974 /* Build configuration list for PBXNativeTarget "themealdb" */ = {
			isa = XCConfigurationList;
			buildConfigurations = (
				5EF26D542817040F00EF6974 /* Debug */,
				5EF26D552817040F00EF6974 /* Release */,
			);
			defaultConfigurationIsVisible = 0;
			defaultConfigurationName = Release;
		};
		5EF26D562817040F00EF6974 /* Build configuration list for PBXNativeTarget "themealdbTests" */ = {
			isa = XCConfigurationList;
			buildConfigurations = (
				5EF26D572817040F00EF6974 /* Debug */,
				5EF26D582817040F00EF6974 /* Release */,
			);
			defaultConfigurationIsVisible = 0;
			defaultConfigurationName = Release;
		};
		5EF26D592817040F00EF6974 /* Build configuration list for PBXNativeTarget "themealdbUITests" */ = {
			isa = XCConfigurationList;
			buildConfigurations = (
				5EF26D5A2817040F00EF6974 /* Debug */,
				5EF26D5B2817040F00EF6974 /* Release */,
			);
			defaultConfigurationIsVisible = 0;
			defaultConfigurationName = Release;
		};
/* End XCConfigurationList section */
	};
	rootObject = 5EF26D212817040E00EF6974 /* Project object */;
}
